dependencies:
- name: kuberay-operator
  repository: https://ray-project.github.io/kuberay-helm/
  version: 1.4.0
- name: postgresql
  repository: https://charts.bitnami.com/bitnami
  version: 18.10.0
- name: milvus
  repository: https://zilliztech.github.io/milvus-helm/
  version: 5.0.27
- name: vllm-stack
  repository: https://vllm-project.github.io/production-stack
  version: 0.1.12
- name: kube-prometheus-stack
  repository: https://prometheus-community.github.io/helm-charts
  version: 91.4.1
digest: sha256:a6f020959e7cc70f095f5d9f1aa2ac64f54abcc8729a3d350e5d5a1c99f7d71f
generated: "2026-09-22T14:46:42.689951226Z"
